
Microsoft Visual Studio Solution File, Format Version 11.00
# Visual C++ Express 2010
Project("{8BC9CEB8-8B4A-11D0-8D11-00A0C91BC942}") = "turbosphere", "turbosphere.vcxproj", "{F8322063-AAF6-4F39-9671-2F4C3897022C}"
	ProjectSection(ProjectDependencies) = postProject
		{90956A13-1184-4740-82B5-1B03042CE1EA} = {90956A13-1184-4740-82B5-1B03042CE1EA}
		{AB6E4119-0FE6-4FF0-9851-BCA4D49F1259} = {AB6E4119-0FE6-4FF0-9851-BCA4D49F1259}
		{51314639-F3AD-4FE9-BDF4-64254EF42F09} = {51314639-F3AD-4FE9-BDF4-64254EF42F09}
		{E823129F-FFB8-4A51-98AF-04D3A3225448} = {E823129F-FFB8-4A51-98AF-04D3A3225448}
		{E0435FF1-CC4D-454C-8646-A6C1CF7AF41E} = {E0435FF1-CC4D-454C-8646-A6C1CF7AF41E}
	EndProjectSection
EndProject
Project("{8BC9CEB8-8B4A-11D0-8D11-00A0C91BC942}") = "configmanager", "..\configmanager\configmanager.vcxproj", "{E0435FF1-CC4D-454C-8646-A6C1CF7AF41E}"
	ProjectSection(ProjectDependencies) = postProject
		{AB6E4119-0FE6-4FF0-9851-BCA4D49F1259} = {AB6E4119-0FE6-4FF0-9851-BCA4D49F1259}
		{51314639-F3AD-4FE9-BDF4-64254EF42F09} = {51314639-F3AD-4FE9-BDF4-64254EF42F09}
	EndProjectSection
EndProject
Project("{8BC9CEB8-8B4A-11D0-8D11-00A0C91BC942}") = "graphicalg", "..\graphicalg\graphicalg.vcxproj", "{E823129F-FFB8-4A51-98AF-04D3A3225448}"
	ProjectSection(ProjectDependencies) = postProject
		{E0435FF1-CC4D-454C-8646-A6C1CF7AF41E} = {E0435FF1-CC4D-454C-8646-A6C1CF7AF41E}
	EndProjectSection
EndProject
Project("{8BC9CEB8-8B4A-11D0-8D11-00A0C91BC942}") = "graphiccommon", "..\graphiccommon\graphiccommon.vcxproj", "{AB6E4119-0FE6-4FF0-9851-BCA4D49F1259}"
EndProject
Project("{8BC9CEB8-8B4A-11D0-8D11-00A0C91BC942}") = "t5", "..\t5\t5.vcxproj", "{51314639-F3AD-4FE9-BDF4-64254EF42F09}"
EndProject
Project("{8BC9CEB8-8B4A-11D0-8D11-00A0C91BC942}") = "graphicSDL", "..\plugins\graphicSDL\graphicSDL.vcxproj", "{7A381D1C-91DF-4F58-808D-53DCFDFD7DC2}"
	ProjectSection(ProjectDependencies) = postProject
		{AB6E4119-0FE6-4FF0-9851-BCA4D49F1259} = {AB6E4119-0FE6-4FF0-9851-BCA4D49F1259}
		{51314639-F3AD-4FE9-BDF4-64254EF42F09} = {51314639-F3AD-4FE9-BDF4-64254EF42F09}
		{F8322063-AAF6-4F39-9671-2F4C3897022C} = {F8322063-AAF6-4F39-9671-2F4C3897022C}
		{E823129F-FFB8-4A51-98AF-04D3A3225448} = {E823129F-FFB8-4A51-98AF-04D3A3225448}
		{E0435FF1-CC4D-454C-8646-A6C1CF7AF41E} = {E0435FF1-CC4D-454C-8646-A6C1CF7AF41E}
	EndProjectSection
EndProject
Project("{8BC9CEB8-8B4A-11D0-8D11-00A0C91BC942}") = "bmpfontSDL", "..\plugins\bmpfontSDL\bmpfontSDL.vcxproj", "{D2E0FC0A-CE1C-43B8-A77F-868E9283A0DD}"
	ProjectSection(ProjectDependencies) = postProject
		{7A381D1C-91DF-4F58-808D-53DCFDFD7DC2} = {7A381D1C-91DF-4F58-808D-53DCFDFD7DC2}
		{51314639-F3AD-4FE9-BDF4-64254EF42F09} = {51314639-F3AD-4FE9-BDF4-64254EF42F09}
		{E0435FF1-CC4D-454C-8646-A6C1CF7AF41E} = {E0435FF1-CC4D-454C-8646-A6C1CF7AF41E}
	EndProjectSection
EndProject
Project("{8BC9CEB8-8B4A-11D0-8D11-00A0C91BC942}") = "inputSDL", "..\plugins\inputSDL\inputSDL.vcxproj", "{86D2F3C0-7647-460A-BB40-D09E4F48280B}"
	ProjectSection(ProjectDependencies) = postProject
		{51314639-F3AD-4FE9-BDF4-64254EF42F09} = {51314639-F3AD-4FE9-BDF4-64254EF42F09}
		{E0435FF1-CC4D-454C-8646-A6C1CF7AF41E} = {E0435FF1-CC4D-454C-8646-A6C1CF7AF41E}
	EndProjectSection
EndProject
Project("{8BC9CEB8-8B4A-11D0-8D11-00A0C91BC942}") = "ttffontSDL", "..\plugins\ttffontSDL\ttffontSDL.vcxproj", "{11960D2C-0F20-4E1E-A30A-7993BFB039B1}"
	ProjectSection(ProjectDependencies) = postProject
		{AB6E4119-0FE6-4FF0-9851-BCA4D49F1259} = {AB6E4119-0FE6-4FF0-9851-BCA4D49F1259}
		{7A381D1C-91DF-4F58-808D-53DCFDFD7DC2} = {7A381D1C-91DF-4F58-808D-53DCFDFD7DC2}
		{51314639-F3AD-4FE9-BDF4-64254EF42F09} = {51314639-F3AD-4FE9-BDF4-64254EF42F09}
		{E823129F-FFB8-4A51-98AF-04D3A3225448} = {E823129F-FFB8-4A51-98AF-04D3A3225448}
		{E0435FF1-CC4D-454C-8646-A6C1CF7AF41E} = {E0435FF1-CC4D-454C-8646-A6C1CF7AF41E}
	EndProjectSection
EndProject
Project("{8BC9CEB8-8B4A-11D0-8D11-00A0C91BC942}") = "getkeystring", "..\plugins\getkeystring\getkeystring.vcxproj", "{90956A13-1184-4740-82B5-1B03042CE1EA}"
	ProjectSection(ProjectDependencies) = postProject
		{E0435FF1-CC4D-454C-8646-A6C1CF7AF41E} = {E0435FF1-CC4D-454C-8646-A6C1CF7AF41E}
	EndProjectSection
EndProject
Project("{8BC9CEB8-8B4A-11D0-8D11-00A0C91BC942}") = "windowstyleSDL", "..\plugins\windowstyleSDL\windowstyleSDL.vcxproj", "{EA5E5A4A-1614-4DBE-BD75-8F51D1234C39}"
	ProjectSection(ProjectDependencies) = postProject
		{AB6E4119-0FE6-4FF0-9851-BCA4D49F1259} = {AB6E4119-0FE6-4FF0-9851-BCA4D49F1259}
		{7A381D1C-91DF-4F58-808D-53DCFDFD7DC2} = {7A381D1C-91DF-4F58-808D-53DCFDFD7DC2}
		{51314639-F3AD-4FE9-BDF4-64254EF42F09} = {51314639-F3AD-4FE9-BDF4-64254EF42F09}
		{E823129F-FFB8-4A51-98AF-04D3A3225448} = {E823129F-FFB8-4A51-98AF-04D3A3225448}
		{E0435FF1-CC4D-454C-8646-A6C1CF7AF41E} = {E0435FF1-CC4D-454C-8646-A6C1CF7AF41E}
	EndProjectSection
EndProject
Project("{8BC9CEB8-8B4A-11D0-8D11-00A0C91BC942}") = "scriptfs", "..\plugins\scriptfs\scriptfs.vcxproj", "{368D0D44-784B-4588-99A3-530D535CA9AB}"
	ProjectSection(ProjectDependencies) = postProject
		{51314639-F3AD-4FE9-BDF4-64254EF42F09} = {51314639-F3AD-4FE9-BDF4-64254EF42F09}
		{E0435FF1-CC4D-454C-8646-A6C1CF7AF41E} = {E0435FF1-CC4D-454C-8646-A6C1CF7AF41E}
	EndProjectSection
EndProject
Global
	GlobalSection(SolutionConfigurationPlatforms) = preSolution
		Debug|Win32 = Debug|Win32
		Debug|x64 = Debug|x64
		Release|Win32 = Release|Win32
		Release|x64 = Release|x64
	EndGlobalSection
	GlobalSection(ProjectConfigurationPlatforms) = postSolution
		{F8322063-AAF6-4F39-9671-2F4C3897022C}.Debug|Win32.ActiveCfg = Debug|Win32
		{F8322063-AAF6-4F39-9671-2F4C3897022C}.Debug|Win32.Build.0 = Debug|Win32
		{F8322063-AAF6-4F39-9671-2F4C3897022C}.Debug|x64.ActiveCfg = Debug|x64
		{F8322063-AAF6-4F39-9671-2F4C3897022C}.Debug|x64.Build.0 = Debug|x64
		{F8322063-AAF6-4F39-9671-2F4C3897022C}.Release|Win32.ActiveCfg = Release|Win32
		{F8322063-AAF6-4F39-9671-2F4C3897022C}.Release|Win32.Build.0 = Release|Win32
		{F8322063-AAF6-4F39-9671-2F4C3897022C}.Release|x64.ActiveCfg = Release|x64
		{F8322063-AAF6-4F39-9671-2F4C3897022C}.Release|x64.Build.0 = Release|x64
		{E0435FF1-CC4D-454C-8646-A6C1CF7AF41E}.Debug|Win32.ActiveCfg = Debug|Win32
		{E0435FF1-CC4D-454C-8646-A6C1CF7AF41E}.Debug|Win32.Build.0 = Debug|Win32
		{E0435FF1-CC4D-454C-8646-A6C1CF7AF41E}.Debug|x64.ActiveCfg = Debug|x64
		{E0435FF1-CC4D-454C-8646-A6C1CF7AF41E}.Debug|x64.Build.0 = Debug|x64
		{E0435FF1-CC4D-454C-8646-A6C1CF7AF41E}.Release|Win32.ActiveCfg = Release|Win32
		{E0435FF1-CC4D-454C-8646-A6C1CF7AF41E}.Release|Win32.Build.0 = Release|Win32
		{E0435FF1-CC4D-454C-8646-A6C1CF7AF41E}.Release|x64.ActiveCfg = Release|x64
		{E0435FF1-CC4D-454C-8646-A6C1CF7AF41E}.Release|x64.Build.0 = Release|x64
		{E823129F-FFB8-4A51-98AF-04D3A3225448}.Debug|Win32.ActiveCfg = Debug|Win32
		{E823129F-FFB8-4A51-98AF-04D3A3225448}.Debug|Win32.Build.0 = Debug|Win32
		{E823129F-FFB8-4A51-98AF-04D3A3225448}.Debug|x64.ActiveCfg = Debug|x64
		{E823129F-FFB8-4A51-98AF-04D3A3225448}.Debug|x64.Build.0 = Debug|x64
		{E823129F-FFB8-4A51-98AF-04D3A3225448}.Release|Win32.ActiveCfg = Release|Win32
		{E823129F-FFB8-4A51-98AF-04D3A3225448}.Release|Win32.Build.0 = Release|Win32
		{E823129F-FFB8-4A51-98AF-04D3A3225448}.Release|x64.ActiveCfg = Release|x64
		{E823129F-FFB8-4A51-98AF-04D3A3225448}.Release|x64.Build.0 = Release|x64
		{AB6E4119-0FE6-4FF0-9851-BCA4D49F1259}.Debug|Win32.ActiveCfg = Debug|Win32
		{AB6E4119-0FE6-4FF0-9851-BCA4D49F1259}.Debug|Win32.Build.0 = Debug|Win32
		{AB6E4119-0FE6-4FF0-9851-BCA4D49F1259}.Debug|x64.ActiveCfg = Debug|x64
		{AB6E4119-0FE6-4FF0-9851-BCA4D49F1259}.Debug|x64.Build.0 = Debug|x64
		{AB6E4119-0FE6-4FF0-9851-BCA4D49F1259}.Release|Win32.ActiveCfg = Release|Win32
		{AB6E4119-0FE6-4FF0-9851-BCA4D49F1259}.Release|Win32.Build.0 = Release|Win32
		{AB6E4119-0FE6-4FF0-9851-BCA4D49F1259}.Release|x64.ActiveCfg = Release|x64
		{AB6E4119-0FE6-4FF0-9851-BCA4D49F1259}.Release|x64.Build.0 = Release|x64
		{51314639-F3AD-4FE9-BDF4-64254EF42F09}.Debug|Win32.ActiveCfg = Debug|Win32
		{51314639-F3AD-4FE9-BDF4-64254EF42F09}.Debug|Win32.Build.0 = Debug|Win32
		{51314639-F3AD-4FE9-BDF4-64254EF42F09}.Debug|x64.ActiveCfg = Debug|x64
		{51314639-F3AD-4FE9-BDF4-64254EF42F09}.Debug|x64.Build.0 = Debug|x64
		{51314639-F3AD-4FE9-BDF4-64254EF42F09}.Release|Win32.ActiveCfg = Release|Win32
		{51314639-F3AD-4FE9-BDF4-64254EF42F09}.Release|Win32.Build.0 = Release|Win32
		{51314639-F3AD-4FE9-BDF4-64254EF42F09}.Release|x64.ActiveCfg = Release|x64
		{51314639-F3AD-4FE9-BDF4-64254EF42F09}.Release|x64.Build.0 = Release|x64
		{7A381D1C-91DF-4F58-808D-53DCFDFD7DC2}.Debug|Win32.ActiveCfg = Debug|Win32
		{7A381D1C-91DF-4F58-808D-53DCFDFD7DC2}.Debug|Win32.Build.0 = Debug|Win32
		{7A381D1C-91DF-4F58-808D-53DCFDFD7DC2}.Debug|x64.ActiveCfg = Debug|x64
		{7A381D1C-91DF-4F58-808D-53DCFDFD7DC2}.Debug|x64.Build.0 = Debug|x64
		{7A381D1C-91DF-4F58-808D-53DCFDFD7DC2}.Release|Win32.ActiveCfg = Release|Win32
		{7A381D1C-91DF-4F58-808D-53DCFDFD7DC2}.Release|Win32.Build.0 = Release|Win32
		{7A381D1C-91DF-4F58-808D-53DCFDFD7DC2}.Release|x64.ActiveCfg = Release|x64
		{7A381D1C-91DF-4F58-808D-53DCFDFD7DC2}.Release|x64.Build.0 = Release|x64
		{D2E0FC0A-CE1C-43B8-A77F-868E9283A0DD}.Debug|Win32.ActiveCfg = Debug|Win32
		{D2E0FC0A-CE1C-43B8-A77F-868E9283A0DD}.Debug|Win32.Build.0 = Debug|Win32
		{D2E0FC0A-CE1C-43B8-A77F-868E9283A0DD}.Debug|x64.ActiveCfg = Debug|x64
		{D2E0FC0A-CE1C-43B8-A77F-868E9283A0DD}.Debug|x64.Build.0 = Debug|x64
		{D2E0FC0A-CE1C-43B8-A77F-868E9283A0DD}.Release|Win32.ActiveCfg = Release|Win32
		{D2E0FC0A-CE1C-43B8-A77F-868E9283A0DD}.Release|Win32.Build.0 = Release|Win32
		{D2E0FC0A-CE1C-43B8-A77F-868E9283A0DD}.Release|x64.ActiveCfg = Release|x64
		{D2E0FC0A-CE1C-43B8-A77F-868E9283A0DD}.Release|x64.Build.0 = Release|x64
		{86D2F3C0-7647-460A-BB40-D09E4F48280B}.Debug|Win32.ActiveCfg = Debug|Win32
		{86D2F3C0-7647-460A-BB40-D09E4F48280B}.Debug|Win32.Build.0 = Debug|Win32
		{86D2F3C0-7647-460A-BB40-D09E4F48280B}.Debug|x64.ActiveCfg = Debug|x64
		{86D2F3C0-7647-460A-BB40-D09E4F48280B}.Debug|x64.Build.0 = Debug|x64
		{86D2F3C0-7647-460A-BB40-D09E4F48280B}.Release|Win32.ActiveCfg = Release|Win32
		{86D2F3C0-7647-460A-BB40-D09E4F48280B}.Release|Win32.Build.0 = Release|Win32
		{86D2F3C0-7647-460A-BB40-D09E4F48280B}.Release|x64.ActiveCfg = Release|x64
		{86D2F3C0-7647-460A-BB40-D09E4F48280B}.Release|x64.Build.0 = Release|x64
		{11960D2C-0F20-4E1E-A30A-7993BFB039B1}.Debug|Win32.ActiveCfg = Debug|Win32
		{11960D2C-0F20-4E1E-A30A-7993BFB039B1}.Debug|Win32.Build.0 = Debug|Win32
		{11960D2C-0F20-4E1E-A30A-7993BFB039B1}.Debug|x64.ActiveCfg = Debug|x64
		{11960D2C-0F20-4E1E-A30A-7993BFB039B1}.Debug|x64.Build.0 = Debug|x64
		{11960D2C-0F20-4E1E-A30A-7993BFB039B1}.Release|Win32.ActiveCfg = Release|Win32
		{11960D2C-0F20-4E1E-A30A-7993BFB039B1}.Release|Win32.Build.0 = Release|Win32
		{11960D2C-0F20-4E1E-A30A-7993BFB039B1}.Release|x64.ActiveCfg = Release|x64
		{11960D2C-0F20-4E1E-A30A-7993BFB039B1}.Release|x64.Build.0 = Release|x64
		{90956A13-1184-4740-82B5-1B03042CE1EA}.Debug|Win32.ActiveCfg = Debug|Win32
		{90956A13-1184-4740-82B5-1B03042CE1EA}.Debug|Win32.Build.0 = Debug|Win32
		{90956A13-1184-4740-82B5-1B03042CE1EA}.Debug|x64.ActiveCfg = Debug|x64
		{90956A13-1184-4740-82B5-1B03042CE1EA}.Debug|x64.Build.0 = Debug|x64
		{90956A13-1184-4740-82B5-1B03042CE1EA}.Release|Win32.ActiveCfg = Release|Win32
		{90956A13-1184-4740-82B5-1B03042CE1EA}.Release|Win32.Build.0 = Release|Win32
		{90956A13-1184-4740-82B5-1B03042CE1EA}.Release|x64.ActiveCfg = Release|x64
		{90956A13-1184-4740-82B5-1B03042CE1EA}.Release|x64.Build.0 = Release|x64
		{EA5E5A4A-1614-4DBE-BD75-8F51D1234C39}.Debug|Win32.ActiveCfg = Debug|Win32
		{EA5E5A4A-1614-4DBE-BD75-8F51D1234C39}.Debug|Win32.Build.0 = Debug|Win32
		{EA5E5A4A-1614-4DBE-BD75-8F51D1234C39}.Debug|x64.ActiveCfg = Debug|x64
		{EA5E5A4A-1614-4DBE-BD75-8F51D1234C39}.Debug|x64.Build.0 = Debug|x64
		{EA5E5A4A-1614-4DBE-BD75-8F51D1234C39}.Release|Win32.ActiveCfg = Release|Win32
		{EA5E5A4A-1614-4DBE-BD75-8F51D1234C39}.Release|Win32.Build.0 = Release|Win32
		{EA5E5A4A-1614-4DBE-BD75-8F51D1234C39}.Release|x64.ActiveCfg = Release|x64
		{EA5E5A4A-1614-4DBE-BD75-8F51D1234C39}.Release|x64.Build.0 = Release|x64
		{368D0D44-784B-4588-99A3-530D535CA9AB}.Debug|Win32.ActiveCfg = Debug|Win32
		{368D0D44-784B-4588-99A3-530D535CA9AB}.Debug|Win32.Build.0 = Debug|Win32
		{368D0D44-784B-4588-99A3-530D535CA9AB}.Debug|x64.ActiveCfg = Debug|x64
		{368D0D44-784B-4588-99A3-530D535CA9AB}.Debug|x64.Build.0 = Debug|x64
		{368D0D44-784B-4588-99A3-530D535CA9AB}.Release|Win32.ActiveCfg = Release|Win32
		{368D0D44-784B-4588-99A3-530D535CA9AB}.Release|Win32.Build.0 = Release|Win32
		{368D0D44-784B-4588-99A3-530D535CA9AB}.Release|x64.ActiveCfg = Release|x64
		{368D0D44-784B-4588-99A3-530D535CA9AB}.Release|x64.Build.0 = Release|x64
	EndGlobalSection
	GlobalSection(SolutionProperties) = preSolution
		HideSolutionNode = FALSE
	EndGlobalSection
EndGlobal
